# THIS IS AN AUTOGENERATED FILE. DO NOT EDIT THIS FILE DIRECTLY.
# yarn lockfile v1


"@types/anymatch@*":
  version "1.3.1"
  resolved "https://registry.npmjs.org/@types/anymatch/-/anymatch-1.3.1.tgz#336badc1beecb9dacc38bea2cf32adf627a8421a"
  integrity sha512-/+CRPXpBDpo2RK9C68N3b2cOvO0Cf5B9aPijHsoDQTHivnGSObdOF2BRQOYjojWTDy6nQvMjmqRXIxH55VjxxA==

"@types/lodash@^4.14.123":
  version "4.14.123"
  resolved "https://registry.npmjs.org/@types/lodash/-/lodash-4.14.123.tgz#39be5d211478c8dd3bdae98ee75bb7efe4abfe4d"
  integrity sha512-pQvPkc4Nltyx7G1Ww45OjVqUsJP4UsZm+GWJpigXgkikZqJgRm4c48g027o6tdgubWHwFRF15iFd+Y4Pmqv6+Q==

"@types/node@*", "@types/node@^11.13.2":
  version "11.13.2"
  resolved "https://registry.npmjs.org/@types/node/-/node-11.13.2.tgz#dc85dde46aa8740bb4aed54b8104250f8f849503"
  integrity sha512-HOtU5KqROKT7qX/itKHuTtt5fV0iXbheQvrgbLNXFJQBY/eh+VS5vmmTAVlo3qIGMsypm0G4N1t2AXjy1ZicaQ==

"@types/tapable@*":
  version "1.0.4"
  resolved "https://registry.npmjs.org/@types/tapable/-/tapable-1.0.4.tgz#b4ffc7dc97b498c969b360a41eee247f82616370"
  integrity sha512-78AdXtlhpCHT0K3EytMpn4JNxaf5tbqbLcbIRoQIHzpTIyjpxLQKRoxU55ujBXAtg3Nl2h/XWvfDa9dsMOd0pQ==

"@types/uglify-js@*":
  version "3.0.4"
  resolved "https://registry.npmjs.org/@types/uglify-js/-/uglify-js-3.0.4.tgz#96beae23df6f561862a830b4288a49e86baac082"
  integrity sha512-SudIN9TRJ+v8g5pTG8RRCqfqTMNqgWCKKd3vtynhGzkIIjxaicNAMuY5TRadJ6tzDu3Dotf3ngaMILtmOdmWEQ==
  dependencies:
    source-map "^0.6.1"

"@types/webpack@^4.4.27":
  version "4.4.27"
  resolved "https://registry.npmjs.org/@types/webpack/-/webpack-4.4.27.tgz#8bb9429185977a6b3b9e6e6132f561066aa7e7c2"
  integrity sha512-xSll/4UXnLQ0xjdAoTRIFxA6NPC2abJ8nHxRH6SqTymHrfGCc8er7qH0npwCP8q3VFoJh2Hjz1wH8oTjwx9/jQ==
  dependencies:
    "@types/anymatch" "*"
    "@types/node" "*"
    "@types/tapable" "*"
    "@types/uglify-js" "*"
    source-map "^0.6.0"

lodash@^4.17.11:
  version "4.17.11"
  resolved "https://registry.npmjs.org/lodash/-/lodash-4.17.11.tgz#b39ea6229ef607ecd89e2c8df12536891cac9b8d"
  integrity sha512-cQKh8igo5QUhZ7lg38DYWAxMvjSAKG0A8wGSVimP07SIUEK2UO+arSRKbRZWtelMtN5V0Hkwh5ryOto/SshYIg==

source-map@^0.6.0, source-map@^0.6.1:
  version "0.6.1"
  resolved "https://registry.npmjs.org/source-map/-/source-map-0.6.1.tgz#74722af32e9614e9c287a8d0bbde48b5e2f1a263"
  integrity sha512-UjgapumWlbMhkBgzT7Ykc5YXUT46F0iKu8SGXq0bcwP5dz/h0Plj6enJqjz1Zbq2l5WaqYnrVbwWOWMyF3F47g==

usedjs@^1.0.3:
  version "1.0.3"
  resolved "https://registry.npmjs.org/usedjs/-/usedjs-1.0.3.tgz#a8aea9a9c3845d873dcbf330f4f82db46d87b5d2"
  integrity sha512-xihZv9SX8ESH7T2ifKs5L15xdhC8ATrZxkfmqAC0x7djwDQ+s3c/SB9p5k06Xqsqv7iR8AkaI1q+B1T/BgF1LQ==
